
Microsoft Visual Studio Solution File, Format Version 12.00
# Visual Studio Version 17
VisualStudioVersion = 17.4.33213.308
MinimumVisualStudioVersion = 10.0.40219.1
Project("{2150E333-8FDC-42A3-9474-1A3956D46DE8}") = "Hotel.Application", "Hotel.Application", "{626E5646-D315-46CE-A835-D4C417E51B65}"
EndProject
Project("{2150E333-8FDC-42A3-9474-1A3956D46DE8}") = "Hotel.Core", "Hotel.Core", "{9E48FB36-FBE4-464D-BCE7-6BAB668F81BE}"
EndProject
Project("{2150E333-8FDC-42A3-9474-1A3956D46DE8}") = "Hotel.Domain", "Hotel.Domain", "{78DAEEEA-00C8-45EE-8192-558E1465007D}"
EndProject
Project("{2150E333-8FDC-42A3-9474-1A3956D46DE8}") = "Hotel.Infrastructuer", "Hotel.Infrastructuer", "{8E7AD19B-2986-43C7-9C66-EE6B641952D3}"
EndProject
Project("{FAE04EC0-301F-11D3-BF4B-00C04F79EFBC}") = "Hotel", "Hotel\Hotel.csproj", "{F5949C5F-83B4-4CB8-8887-4FBFBF4E26C4}"
EndProject
Global
	GlobalSection(SolutionConfigurationPlatforms) = preSolution
		Debug|Any CPU = Debug|Any CPU
		Release|Any CPU = Release|Any CPU
	EndGlobalSection
	GlobalSection(ProjectConfigurationPlatforms) = postSolution
		{F5949C5F-83B4-4CB8-8887-4FBFBF4E26C4}.Debug|Any CPU.ActiveCfg = Debug|Any CPU
		{F5949C5F-83B4-4CB8-8887-4FBFBF4E26C4}.Debug|Any CPU.Build.0 = Debug|Any CPU
		{F5949C5F-83B4-4CB8-8887-4FBFBF4E26C4}.Release|Any CPU.ActiveCfg = Release|Any CPU
		{F5949C5F-83B4-4CB8-8887-4FBFBF4E26C4}.Release|Any CPU.Build.0 = Release|Any CPU
	EndGlobalSection
	GlobalSection(SolutionProperties) = preSolution
		HideSolutionNode = FALSE
	EndGlobalSection
	GlobalSection(NestedProjects) = preSolution
		{F5949C5F-83B4-4CB8-8887-4FBFBF4E26C4} = {9E48FB36-FBE4-464D-BCE7-6BAB668F81BE}
	EndGlobalSection
	GlobalSection(ExtensibilityGlobals) = postSolution
		SolutionGuid = {7A78EC03-C801-4EC6-B47E-BD8B28406B9C}
	EndGlobalSection
EndGlobal
